
Microsoft Visual Studio Solution File, Format Version 12.00
# Visual Studio Version 17
VisualStudioVersion = 17.4.33213.308
MinimumVisualStudioVersion = 10.0.40219.1
Project("{9A19103F-16F7-4668-BE54-9A1E7A4F7556}") = "Server.Local", "Server.Local\Server.Local.csproj", "{66644859-F2C7-432A-869E-9AB75D1EE504}"
EndProject
Project("{9A19103F-16F7-4668-BE54-9A1E7A4F7556}") = "Server", "Server\Server.csproj", "{FE9273E2-C653-4826-B862-8DBB49BCB3B4}"
EndProject
Project("{9A19103F-16F7-4668-BE54-9A1E7A4F7556}") = "Server.AWS", "Server.AWS\Server.AWS.csproj", "{2843600F-895F-40AC-BA1B-B3FF69FB3927}"
EndProject
Project("{9A19103F-16F7-4668-BE54-9A1E7A4F7556}") = "Tests", "Tests\Tests.csproj", "{1E9FE42A-3A2D-4C3B-AEC5-FA192C2E5113}"
EndProject
Project("{2150E333-8FDC-42A3-9474-1A3956D46DE8}") = "Build", "Build", "{219DA73A-5C05-4171-A3F1-A601D99906DB}"
	ProjectSection(SolutionItems) = preProject
		Directory.Build.props = Directory.Build.props
	EndProjectSection
EndProject
Project("{9A19103F-16F7-4668-BE54-9A1E7A4F7556}") = "Users", "Users\Users.csproj", "{44CBD535-9F1A-4AEA-A7D3-81EBA3D86258}"
EndProject
Project("{9A19103F-16F7-4668-BE54-9A1E7A4F7556}") = "Users.Fakes", "Users.Fakes\Users.Fakes.csproj", "{3D59FCE7-86C2-4492-A612-0AB292BA6346}"
EndProject
Project("{9A19103F-16F7-4668-BE54-9A1E7A4F7556}") = "Users.Cognito", "Users.Cognito\Users.Cognito.csproj", "{999015BB-7780-4D7D-819E-001E786BDF75}"
EndProject
Project("{2150E333-8FDC-42A3-9474-1A3956D46DE8}") = "UserManagement", "UserManagement", "{F3C7B5BE-7EDF-42D5-8F9E-46CEC1C30B42}"
EndProject
Project("{2150E333-8FDC-42A3-9474-1A3956D46DE8}") = "Servers", "Servers", "{08A157FD-BE8B-4AB5-82C5-B03084F473BC}"
EndProject
Project("{2150E333-8FDC-42A3-9474-1A3956D46DE8}") = "Test", "Test", "{083EE0B1-5971-4609-831D-52BE307D2B64}"
EndProject
Project("{9A19103F-16F7-4668-BE54-9A1E7A4F7556}") = "Authentication", "Authentication\Authentication.csproj", "{81023775-E7A1-43E3-AF1A-FA3DA53424C5}"
EndProject
Project("{9A19103F-16F7-4668-BE54-9A1E7A4F7556}") = "Authentication.Fakes", "Authentication.Fakes\Authentication.Fakes.csproj", "{C06982F9-7BFB-4C81-B610-181BBADA48FA}"
EndProject
Project("{2150E333-8FDC-42A3-9474-1A3956D46DE8}") = "Identity", "Identity", "{F1E05159-6215-490C-A803-99DE67139C21}"
EndProject
Project("{9A19103F-16F7-4668-BE54-9A1E7A4F7556}") = "Contracts", "Contracts\Contracts.csproj", "{EB3E7240-B959-4747-BA34-6E394987067F}"
EndProject
Project("{9A19103F-16F7-4668-BE54-9A1E7A4F7556}") = "Authentication.ASP", "Authentication.ASP\Authentication.ASP.csproj", "{194D542E-7566-42D6-A237-0E638682DCA2}"
EndProject
Project("{2150E333-8FDC-42A3-9474-1A3956D46DE8}") = "Model", "Model", "{4852F0BB-B2CF-421E-B044-6895C8F86274}"
EndProject
Project("{9A19103F-16F7-4668-BE54-9A1E7A4F7556}") = "Services", "Services\Services.csproj", "{7816F5C2-2661-4286-A1B1-BA623420AA23}"
EndProject
Project("{FAE04EC0-301F-11D3-BF4B-00C04F79EFBC}") = "Server.Users.Fake", "Server.Users.Fake\Server.Users.Fake.csproj", "{6F46EA12-D81A-4B44-A02E-FABF12E81046}"
EndProject
Global
	GlobalSection(SolutionConfigurationPlatforms) = preSolution
		Debug|Any CPU = Debug|Any CPU
		Release|Any CPU = Release|Any CPU
	EndGlobalSection
	GlobalSection(ProjectConfigurationPlatforms) = postSolution
		{66644859-F2C7-432A-869E-9AB75D1EE504}.Debug|Any CPU.ActiveCfg = Debug|Any CPU
		{66644859-F2C7-432A-869E-9AB75D1EE504}.Debug|Any CPU.Build.0 = Debug|Any CPU
		{66644859-F2C7-432A-869E-9AB75D1EE504}.Release|Any CPU.ActiveCfg = Release|Any CPU
		{66644859-F2C7-432A-869E-9AB75D1EE504}.Release|Any CPU.Build.0 = Release|Any CPU
		{FE9273E2-C653-4826-B862-8DBB49BCB3B4}.Debug|Any CPU.ActiveCfg = Debug|Any CPU
		{FE9273E2-C653-4826-B862-8DBB49BCB3B4}.Debug|Any CPU.Build.0 = Debug|Any CPU
		{FE9273E2-C653-4826-B862-8DBB49BCB3B4}.Release|Any CPU.ActiveCfg = Release|Any CPU
		{FE9273E2-C653-4826-B862-8DBB49BCB3B4}.Release|Any CPU.Build.0 = Release|Any CPU
		{2843600F-895F-40AC-BA1B-B3FF69FB3927}.Debug|Any CPU.ActiveCfg = Debug|Any CPU
		{2843600F-895F-40AC-BA1B-B3FF69FB3927}.Debug|Any CPU.Build.0 = Debug|Any CPU
		{2843600F-895F-40AC-BA1B-B3FF69FB3927}.Release|Any CPU.ActiveCfg = Release|Any CPU
		{2843600F-895F-40AC-BA1B-B3FF69FB3927}.Release|Any CPU.Build.0 = Release|Any CPU
		{1E9FE42A-3A2D-4C3B-AEC5-FA192C2E5113}.Debug|Any CPU.ActiveCfg = Debug|Any CPU
		{1E9FE42A-3A2D-4C3B-AEC5-FA192C2E5113}.Debug|Any CPU.Build.0 = Debug|Any CPU
		{1E9FE42A-3A2D-4C3B-AEC5-FA192C2E5113}.Release|Any CPU.ActiveCfg = Release|Any CPU
		{1E9FE42A-3A2D-4C3B-AEC5-FA192C2E5113}.Release|Any CPU.Build.0 = Release|Any CPU
		{44CBD535-9F1A-4AEA-A7D3-81EBA3D86258}.Debug|Any CPU.ActiveCfg = Debug|Any CPU
		{44CBD535-9F1A-4AEA-A7D3-81EBA3D86258}.Debug|Any CPU.Build.0 = Debug|Any CPU
		{44CBD535-9F1A-4AEA-A7D3-81EBA3D86258}.Release|Any CPU.ActiveCfg = Release|Any CPU
		{44CBD535-9F1A-4AEA-A7D3-81EBA3D86258}.Release|Any CPU.Build.0 = Release|Any CPU
		{3D59FCE7-86C2-4492-A612-0AB292BA6346}.Debug|Any CPU.ActiveCfg = Debug|Any CPU
		{3D59FCE7-86C2-4492-A612-0AB292BA6346}.Debug|Any CPU.Build.0 = Debug|Any CPU
		{3D59FCE7-86C2-4492-A612-0AB292BA6346}.Release|Any CPU.ActiveCfg = Release|Any CPU
		{3D59FCE7-86C2-4492-A612-0AB292BA6346}.Release|Any CPU.Build.0 = Release|Any CPU
		{999015BB-7780-4D7D-819E-001E786BDF75}.Debug|Any CPU.ActiveCfg = Debug|Any CPU
		{999015BB-7780-4D7D-819E-001E786BDF75}.Debug|Any CPU.Build.0 = Debug|Any CPU
		{999015BB-7780-4D7D-819E-001E786BDF75}.Release|Any CPU.ActiveCfg = Release|Any CPU
		{999015BB-7780-4D7D-819E-001E786BDF75}.Release|Any CPU.Build.0 = Release|Any CPU
		{81023775-E7A1-43E3-AF1A-FA3DA53424C5}.Debug|Any CPU.ActiveCfg = Debug|Any CPU
		{81023775-E7A1-43E3-AF1A-FA3DA53424C5}.Debug|Any CPU.Build.0 = Debug|Any CPU
		{81023775-E7A1-43E3-AF1A-FA3DA53424C5}.Release|Any CPU.ActiveCfg = Release|Any CPU
		{81023775-E7A1-43E3-AF1A-FA3DA53424C5}.Release|Any CPU.Build.0 = Release|Any CPU
		{C06982F9-7BFB-4C81-B610-181BBADA48FA}.Debug|Any CPU.ActiveCfg = Debug|Any CPU
		{C06982F9-7BFB-4C81-B610-181BBADA48FA}.Debug|Any CPU.Build.0 = Debug|Any CPU
		{C06982F9-7BFB-4C81-B610-181BBADA48FA}.Release|Any CPU.ActiveCfg = Release|Any CPU
		{C06982F9-7BFB-4C81-B610-181BBADA48FA}.Release|Any CPU.Build.0 = Release|Any CPU
		{EB3E7240-B959-4747-BA34-6E394987067F}.Debug|Any CPU.ActiveCfg = Debug|Any CPU
		{EB3E7240-B959-4747-BA34-6E394987067F}.Debug|Any CPU.Build.0 = Debug|Any CPU
		{EB3E7240-B959-4747-BA34-6E394987067F}.Release|Any CPU.ActiveCfg = Release|Any CPU
		{EB3E7240-B959-4747-BA34-6E394987067F}.Release|Any CPU.Build.0 = Release|Any CPU
		{194D542E-7566-42D6-A237-0E638682DCA2}.Debug|Any CPU.ActiveCfg = Debug|Any CPU
		{194D542E-7566-42D6-A237-0E638682DCA2}.Debug|Any CPU.Build.0 = Debug|Any CPU
		{194D542E-7566-42D6-A237-0E638682DCA2}.Release|Any CPU.ActiveCfg = Release|Any CPU
		{194D542E-7566-42D6-A237-0E638682DCA2}.Release|Any CPU.Build.0 = Release|Any CPU
		{7816F5C2-2661-4286-A1B1-BA623420AA23}.Debug|Any CPU.ActiveCfg = Debug|Any CPU
		{7816F5C2-2661-4286-A1B1-BA623420AA23}.Debug|Any CPU.Build.0 = Debug|Any CPU
		{7816F5C2-2661-4286-A1B1-BA623420AA23}.Release|Any CPU.ActiveCfg = Release|Any CPU
		{7816F5C2-2661-4286-A1B1-BA623420AA23}.Release|Any CPU.Build.0 = Release|Any CPU
		{6F46EA12-D81A-4B44-A02E-FABF12E81046}.Debug|Any CPU.ActiveCfg = Debug|Any CPU
		{6F46EA12-D81A-4B44-A02E-FABF12E81046}.Debug|Any CPU.Build.0 = Debug|Any CPU
		{6F46EA12-D81A-4B44-A02E-FABF12E81046}.Release|Any CPU.ActiveCfg = Release|Any CPU
		{6F46EA12-D81A-4B44-A02E-FABF12E81046}.Release|Any CPU.Build.0 = Release|Any CPU
	EndGlobalSection
	GlobalSection(SolutionProperties) = preSolution
		HideSolutionNode = FALSE
	EndGlobalSection
	GlobalSection(NestedProjects) = preSolution
		{66644859-F2C7-432A-869E-9AB75D1EE504} = {08A157FD-BE8B-4AB5-82C5-B03084F473BC}
		{FE9273E2-C653-4826-B862-8DBB49BCB3B4} = {08A157FD-BE8B-4AB5-82C5-B03084F473BC}
		{2843600F-895F-40AC-BA1B-B3FF69FB3927} = {08A157FD-BE8B-4AB5-82C5-B03084F473BC}
		{1E9FE42A-3A2D-4C3B-AEC5-FA192C2E5113} = {083EE0B1-5971-4609-831D-52BE307D2B64}
		{44CBD535-9F1A-4AEA-A7D3-81EBA3D86258} = {F3C7B5BE-7EDF-42D5-8F9E-46CEC1C30B42}
		{3D59FCE7-86C2-4492-A612-0AB292BA6346} = {F3C7B5BE-7EDF-42D5-8F9E-46CEC1C30B42}
		{999015BB-7780-4D7D-819E-001E786BDF75} = {F3C7B5BE-7EDF-42D5-8F9E-46CEC1C30B42}
		{81023775-E7A1-43E3-AF1A-FA3DA53424C5} = {F1E05159-6215-490C-A803-99DE67139C21}
		{C06982F9-7BFB-4C81-B610-181BBADA48FA} = {F1E05159-6215-490C-A803-99DE67139C21}
		{EB3E7240-B959-4747-BA34-6E394987067F} = {08A157FD-BE8B-4AB5-82C5-B03084F473BC}
		{194D542E-7566-42D6-A237-0E638682DCA2} = {F1E05159-6215-490C-A803-99DE67139C21}
		{7816F5C2-2661-4286-A1B1-BA623420AA23} = {4852F0BB-B2CF-421E-B044-6895C8F86274}
		{6F46EA12-D81A-4B44-A02E-FABF12E81046} = {08A157FD-BE8B-4AB5-82C5-B03084F473BC}
	EndGlobalSection
	GlobalSection(ExtensibilityGlobals) = postSolution
		SolutionGuid = {6C39AE17-EF9A-4E10-8FB4-1EFDA9B3F6A8}
	EndGlobalSection
EndGlobal
